
Microsoft Visual Studio Solution File, Format Version 12.00
# Visual Studio Version 17
VisualStudioVersion = 17.4.33205.214
MinimumVisualStudioVersion = 10.0.40219.1
Project("{FAE04EC0-301F-11D3-BF4B-00C04F79EFBC}") = "Task01_12_24", "Task01_12_24\Task01_12_24.csproj", "{C30D8F26-540D-45B5-9B61-5D5CAA9C8341}"
EndProject
Project("{FAE04EC0-301F-11D3-BF4B-00C04F79EFBC}") = "ClassLibrary", "Helper\ClassLibrary.csproj", "{919C0DD1-EEB2-4DC8-8370-7742F8D4BE57}"
EndProject
Global
	GlobalSection(SolutionConfigurationPlatforms) = preSolution
		Debug|Any CPU = Debug|Any CPU
		Release|Any CPU = Release|Any CPU
	EndGlobalSection
	GlobalSection(ProjectConfigurationPlatforms) = postSolution
		{C30D8F26-540D-45B5-9B61-5D5CAA9C8341}.Debug|Any CPU.ActiveCfg = Debug|Any CPU
		{C30D8F26-540D-45B5-9B61-5D5CAA9C8341}.Debug|Any CPU.Build.0 = Debug|Any CPU
		{C30D8F26-540D-45B5-9B61-5D5CAA9C8341}.Release|Any CPU.ActiveCfg = Release|Any CPU
		{C30D8F26-540D-45B5-9B61-5D5CAA9C8341}.Release|Any CPU.Build.0 = Release|Any CPU
		{919C0DD1-EEB2-4DC8-8370-7742F8D4BE57}.Debug|Any CPU.ActiveCfg = Debug|Any CPU
		{919C0DD1-EEB2-4DC8-8370-7742F8D4BE57}.Debug|Any CPU.Build.0 = Debug|Any CPU
		{919C0DD1-EEB2-4DC8-8370-7742F8D4BE57}.Release|Any CPU.ActiveCfg = Release|Any CPU
		{919C0DD1-EEB2-4DC8-8370-7742F8D4BE57}.Release|Any CPU.Build.0 = Release|Any CPU
	EndGlobalSection
	GlobalSection(SolutionProperties) = preSolution
		HideSolutionNode = FALSE
	EndGlobalSection
	GlobalSection(ExtensibilityGlobals) = postSolution
		SolutionGuid = {B13DC359-3BB5-4C55-8339-820DD7E4120E}
	EndGlobalSection
EndGlobal
